// !$*UTF8*$!
{
	archiveVersion = 1;
	classes = {
	};
	objectVersion = 48;
	objects = {

/* Begin PBXBuildFile section */
		A07448BD21EB88FD00F0F782 /* AppDelegate.swift in Sources */ = {isa = PBXBuildFile; fileRef = A07448BC21EB88FD00F0F782 /* AppDelegate.swift */; };
		A07448BF21EB88FD00F0F782 /* ViewController.swift in Sources */ = {isa = PBXBuildFile; fileRef = A07448BE21EB88FD00F0F782 /* ViewController.swift */; };
		A07448C221EB88FD00F0F782 /* Main.storyboard in Resources */ = {isa = PBXBuildFile; fileRef = A07448C021EB88FD00F0F782 /* Main.storyboard */; };
		A07448C421EB88FD00F0F782 /* Assets.xcassets in Resources */ = {isa = PBXBuildFile; fileRef = A07448C321EB88FD00F0F782 /* Assets.xcassets */; };
		A07448C721EB88FD00F0F782 /* LaunchScreen.storyboard in Resources */ = {isa = PBXBuildFile; fileRef = A07448C521EB88FD00F0F782 /* LaunchScreen.storyboard */; };
		A07448D221EB88FD00F0F782 /* Tip_CalculatorTests.swift in Sources */ = {isa = PBXBuildFile; fileRef = A07448D121EB88FD00F0F782 /* Tip_CalculatorTests.swift */; };
		A07448DD21EB88FD00F0F782 /* Tip_CalculatorUITests.swift in Sources */ = {isa = PBXBuildFile; fileRef = A07448DC21EB88FD00F0F782 /* Tip_CalculatorUITests.swift */; };
		A07448EB21EBD84700F0F782 /* tippic.png in Resources */ = {isa = PBXBuildFile; fileRef = A07448EA21EBD84700F0F782 /* tippic.png */; };
		A07448ED21EBE12900F0F782 /* SettingsViewController.swift in Sources */ = {isa = PBXBuildFile; fileRef = A07448EC21EBE12900F0F782 /* SettingsViewController.swift */; };
/* End PBXBuildFile section */

/* Begin PBXContainerItemProxy section */
		A07448CE21EB88FD00F0F782 /* PBXContainerItemProxy */ = {
			isa = PBXContainerItemProxy;
			containerPortal = A07448B121EB88FD00F0F782 /* Project object */;
			proxyType = 1;
			remoteGlobalIDString = A07448B821EB88FD00F0F782;
			remoteInfo = "Tip Calculator";
		};
		A07448D921EB88FD00F0F782 /* PBXContainerItemProxy */ = {
			isa = PBXContainerItemProxy;
			containerPortal = A07448B121EB88FD00F0F782 /* Project object */;
			proxyType = 1;
			remoteGlobalIDString = A07448B821EB88FD00F0F782;
			remoteInfo = "Tip Calculator";
		};
/* End PBXContainerItemProxy section */

/* Begin PBXFileReference section */
		A07448B921EB88FD00F0F782 /* Tip Calculator.app */ = {isa = PBXFileReference; explicitFileType = wrapper.application; includeInIndex = 0; path = "Tip Calculator.app"; sourceTree = BUILT_PRODUCTS_DIR; };
		A07448BC21EB88FD00F0F782 /* AppDelegate.swift */ = {isa = PBXFileReference; lastKnownFileType = sourcecode.swift; path = AppDelegate.swift; sourceTree = "<group>"; };
		A07448BE21EB88FD00F0F782 /* ViewController.swift */ = {isa = PBXFileReference; lastKnownFileType = sourcecode.swift; path = ViewController.swift; sourceTree = "<group>"; };
		A07448C121EB88FD00F0F782 /* Base */ = {isa = PBXFileReference; lastKnownFileType = file.storyboard; name = Base; path = Base.lproj/Main.storyboard; sourceTree = "<group>"; };
		A07448C321EB88FD00F0F782 /* Assets.xcassets */ = {isa = PBXFileReference; lastKnownFileType = folder.assetcatalog; path = Assets.xcassets; sourceTree = "<group>"; };
		A07448C621EB88FD00F0F782 /* Base */ = {isa = PBXFileReference; lastKnownFileType = file.storyboard; name = Base; path = Base.lproj/LaunchScreen.storyboard; sourceTree = "<group>"; };
		A07448C821EB88FD00F0F782 /* Info.plist */ = {isa = PBXFileReference; lastKnownFileType = text.plist.xml; path = Info.plist; sourceTree = "<group>"; };
		A07448CD21EB88FD00F0F782 /* Tip CalculatorTests.xctest */ = {isa = PBXFileReference; explicitFileType = wrapper.cfbundle; includeInIndex = 0; path = "Tip CalculatorTests.xctest"; sourceTree = BUILT_PRODUCTS_DIR; };
		A07448D121EB88FD00F0F782 /* Tip_CalculatorTests.swift */ = {isa = PBXFileReference; lastKnownFileType = sourcecode.swift; path = Tip_CalculatorTests.swift; sourceTree = "<group>"; };
		A07448D321EB88FD00F0F782 /* Info.plist */ = {isa = PBXFileReference; lastKnownFileType = text.plist.xml; path = Info.plist; sourceTree = "<group>"; };
		A07448D821EB88FD00F0F782 /* Tip CalculatorUITests.xctest */ = {isa = PBXFileReference; explicitFileType = wrapper.cfbundle; includeInIndex = 0; path = "Tip CalculatorUITests.xctest"; sourceTree = BUILT_PRODUCTS_DIR; };
		A07448DC21EB88FD00F0F782 /* Tip_CalculatorUITests.swift */ = {isa = PBXFileReference; lastKnownFileType = sourcecode.swift; path = Tip_CalculatorUITests.swift; sourceTree = "<group>"; };
		A07448DE21EB88FD00F0F782 /* Info.plist */ = {isa = PBXFileReference; lastKnownFileType = text.plist.xml; path = Info.plist; sourceTree = "<group>"; };
		A07448EA21EBD84700F0F782 /* tippic.png */ = {isa = PBXFileReference; lastKnownFileType = image.png; path = tippic.png; sourceTree = "<group>"; };
		A07448EC21EBE12900F0F782 /* SettingsViewController.swift */ = {isa = PBXFileReference; lastKnownFileType = sourcecode.swift; path = SettingsViewController.swift; sourceTree = "<group>"; };
/* End PBXFileReference section */

/* Begin PBXFrameworksBuildPhase section */
		A07448B621EB88FD00F0F782 /* Frameworks */ = {
			isa = PBXFrameworksBuildPhase;
			buildActionMask = 2147483647;
			files = (
			);
			runOnlyForDeploymentPostprocessing = 0;
		};
		A07448CA21EB88FD00F0F782 /* Frameworks */ = {
			isa = PBXFrameworksBuildPhase;
			buildActionMask = 2147483647;
			files = (
			);
			runOnlyForDeploymentPostprocessing = 0;
		};
		A07448D521EB88FD00F0F782 /* Frameworks */ = {
			isa = PBXFrameworksBuildPhase;
			buildActionMask = 2147483647;
			files = (
			);
			runOnlyForDeploymentPostprocessing = 0;
		};
/* End PBXFrameworksBuildPhase section */

/* Begin PBXGroup section */
		A07448B021EB88FD00F0F782 = {
			isa = PBXGroup;
			children = (
				A07448BB21EB88FD00F0F782 /* Tip Calculator */,
				A07448D021EB88FD00F0F782 /* Tip CalculatorTests */,
				A07448DB21EB88FD00F0F782 /* Tip CalculatorUITests */,
				A07448BA21EB88FD00F0F782 /* Products */,
			);
			sourceTree = "<group>";
		};
		A07448BA21EB88FD00F0F782 /* Products */ = {
			isa = PBXGroup;
			children = (
				A07448B921EB88FD00F0F782 /* Tip Calculator.app */,
				A07448CD21EB88FD00F0F782 /* Tip CalculatorTests.xctest */,
				A07448D821EB88FD00F0F782 /* Tip CalculatorUITests.xctest */,
			);
			name = Products;
			sourceTree = "<group>";
		};
		A07448BB21EB88FD00F0F782 /* Tip Calculator */ = {
			isa = PBXGroup;
			children = (
				A07448BC21EB88FD00F0F782 /* AppDelegate.swift */,
				A07448BE21EB88FD00F0F782 /* ViewController.swift */,
				A07448C021EB88FD00F0F782 /* Main.storyboard */,
				A07448EC21EBE12900F0F782 /* SettingsViewController.swift */,
				A07448C321EB88FD00F0F782 /* Assets.xcassets */,
				A07448C521EB88FD00F0F782 /* LaunchScreen.storyboard */,
				A07448EA21EBD84700F0F782 /* tippic.png */,
				A07448C821EB88FD00F0F782 /* Info.plist */,
			);
			path = "Tip Calculator";
			sourceTree = "<group>";
		};
		A07448D021EB88FD00F0F782 /* Tip CalculatorTests */ = {
			isa = PBXGroup;
			children = (
				A07448D121EB88FD00F0F782 /* Tip_CalculatorTests.swift */,
				A07448D321EB88FD00F0F782 /* Info.plist */,
			);
			path = "Tip CalculatorTests";
			sourceTree = "<group>";
		};
		A07448DB21EB88FD00F0F782 /* Tip CalculatorUITests */ = {
			isa = PBXGroup;
			children = (
				A07448DC21EB88FD00F0F782 /* Tip_CalculatorUITests.swift */,
				A07448DE21EB88FD00F0F782 /* Info.plist */,
			);
			path = "Tip CalculatorUITests";
			sourceTree = "<group>";
		};
/* End PBXGroup section */

/* Begin PBXNativeTarget section */
		A07448B821EB88FD00F0F782 /* Tip Calculator */ = {
			isa = PBXNativeTarget;
			buildConfigurationList = A07448E121EB88FD00F0F782 /* Build configuration list for PBXNativeTarget "Tip Calculator" */;
			buildPhases = (
				A07448B521EB88FD00F0F782 /* Sources */,
				A07448B621EB88FD00F0F782 /* Frameworks */,
				A07448B721EB88FD00F0F782 /* Resources */,
			);
			buildRules = (
			);
			dependencies = (
			);
			name = "Tip Calculator";
			productName = "Tip Calculator";
			productReference = A07448B921EB88FD00F0F782 /* Tip Calculator.app */;
			productType = "com.apple.product-type.application";
		};
		A07448CC21EB88FD00F0F782 /* Tip CalculatorTests */ = {
			isa = PBXNativeTarget;
			buildConfigurationList = A07448E421EB88FD00F0F782 /* Build configuration list for PBXNativeTarget "Tip CalculatorTests" */;
			buildPhases = (
				A07448C921EB88FD00F0F782 /* Sources */,
				A07448CA21EB88FD00F0F782 /* Frameworks */,
				A07448CB21EB88FD00F0F782 /* Resources */,
			);
			buildRules = (
			);
			dependencies = (
				A07448CF21EB88FD00F0F782 /* PBXTargetDependency */,
			);
			name = "Tip CalculatorTests";
			productName = "Tip CalculatorTests";
			productReference = A07448CD21EB88FD00F0F782 /* Tip CalculatorTests.xctest */;
			productType = "com.apple.product-type.bundle.unit-test";
		};
		A07448D721EB88FD00F0F782 /* Tip CalculatorUITests */ = {
			isa = PBXNativeTarget;
			buildConfigurationList = A07448E721EB88FD00F0F782 /* Build configuration list for PBXNativeTarget "Tip CalculatorUITests" */;
			buildPhases = (
				A07448D421EB88FD00F0F782 /* Sources */,
				A07448D521EB88FD00F0F782 /* Frameworks */,
				A07448D621EB88FD00F0F782 /* Resources */,
			);
			buildRules = (
			);
			dependencies = (
				A07448DA21EB88FD00F0F782 /* PBXTargetDependency */,
			);
			name = "Tip CalculatorUITests";
			productName = "Tip CalculatorUITests";
			productReference = A07448D821EB88FD00F0F782 /* Tip CalculatorUITests.xctest */;
			productType = "com.apple.product-type.bundle.ui-testing";
		};
/* End PBXNativeTarget section */

/* Begin PBXProject section */
		A07448B121EB88FD00F0F782 /* Project object */ = {
			isa = PBXProject;
			attributes = {
				LastSwiftUpdateCheck = 0920;
				LastUpgradeCheck = 0920;
				ORGANIZATIONNAME = "Sreekara Yachamaneni";
				TargetAttributes = {
					A07448B821EB88FD00F0F782 = {
						CreatedOnToolsVersion = 9.2;
						ProvisioningStyle = Automatic;
					};
					A07448CC21EB88FD00F0F782 = {
						CreatedOnToolsVersion = 9.2;
						ProvisioningStyle = Automatic;
						TestTargetID = A07448B821EB88FD00F0F782;
					};
					A07448D721EB88FD00F0F782 = {
						CreatedOnToolsVersion = 9.2;
						ProvisioningStyle = Automatic;
						TestTargetID = A07448B821EB88FD00F0F782;
					};
				};
			};
			buildConfigurationList = A07448B421EB88FD00F0F782 /* Build configuration list for PBXProject "Tip Calculator" */;
			compatibilityVersion = "Xcode 8.0";
			developmentRegion = en;
			hasScannedForEncodings = 0;
			knownRegions = (
				en,
				Base,
			);
			mainGroup = A07448B021EB88FD00F0F782;
			productRefGroup = A07448BA21EB88FD00F0F782 /* Products */;
			projectDirPath = "";
			projectRoot = "";
			targets = (
				A07448B821EB88FD00F0F782 /* Tip Calculator */,
				A07448CC21EB88FD00F0F782 /* Tip CalculatorTests */,
				A07448D721EB88FD00F0F782 /* Tip CalculatorUITests */,
			);
		};
/* End PBXProject section */

/* Begin PBXResourcesBuildPhase section */
		A07448B721EB88FD00F0F782 /* Resources */ = {
			isa = PBXResourcesBuildPhase;
			buildActionMask = 2147483647;
			files = (
				A07448C721EB88FD00F0F782 /* LaunchScreen.storyboard in Resources */,
				A07448C421EB88FD00F0F782 /* Assets.xcassets in Resources */,
				A07448EB21EBD84700F0F782 /* tippic.png in Resources */,
				A07448C221EB88FD00F0F782 /* Main.storyboard in Resources */,
			);
			runOnlyForDeploymentPostprocessing = 0;
		};
		A07448CB21EB88FD00F0F782 /* Resources */ = {
			isa = PBXResourcesBuildPhase;
			buildActionMask = 2147483647;
			files = (
			);
			runOnlyForDeploymentPostprocessing = 0;
		};
		A07448D621EB88FD00F0F782 /* Resources */ = {
			isa = PBXResourcesBuildPhase;
			buildActionMask = 2147483647;
			files = (
			);
			runOnlyForDeploymentPostprocessing = 0;
		};
/* End PBXResourcesBuildPhase section */

/* Begin PBXSourcesBuildPhase section */
		A07448B521EB88FD00F0F782 /* Sources */ = {
			isa = PBXSourcesBuildPhase;
			buildActionMask = 2147483647;
			files = (
				A07448BF21EB88FD00F0F782 /* ViewController.swift in Sources */,
				A07448BD21EB88FD00F0F782 /* AppDelegate.swift in Sources */,
				A07448ED21EBE12900F0F782 /* SettingsViewController.swift in Sources */,
			);
			runOnlyForDeploymentPostprocessing = 0;
		};
		A07448C921EB88FD00F0F782 /* Sources */ = {
			isa = PBXSourcesBuildPhase;
			buildActionMask = 2147483647;
			files = (
				A07448D221EB88FD00F0F782 /* Tip_CalculatorTests.swift in Sources */,
			);
			runOnlyForDeploymentPostprocessing = 0;
		};
		A07448D421EB88FD00F0F782 /* Sources */ = {
			isa = PBXSourcesBuildPhase;
			buildActionMask = 2147483647;
			files = (
				A07448DD21EB88FD00F0F782 /* Tip_CalculatorUITests.swift in Sources */,
			);
			runOnlyForDeploymentPostprocessing = 0;
		};
/* End PBXSourcesBuildPhase section */

/* Begin PBXTargetDependency section */
		A07448CF21EB88FD00F0F782 /* PBXTargetDependency */ = {
			isa = PBXTargetDependency;
			target = A07448B821EB88FD00F0F782 /* Tip Calculator */;
			targetProxy = A07448CE21EB88FD00F0F782 /* PBXContainerItemProxy */;
		};
		A07448DA21EB88FD00F0F782 /* PBXTargetDependency */ = {
			isa = PBXTargetDependency;
			target = A07448B821EB88FD00F0F782 /* Tip Calculator */;
			targetProxy = A07448D921EB88FD00F0F782 /* PBXContainerItemProxy */;
		};
/* End PBXTargetDependency section */

/* Begin PBXVariantGroup section */
		A07448C021EB88FD00F0F782 /* Main.storyboard */ = {
			isa = PBXVariantGroup;
			children = (
				A07448C121EB88FD00F0F782 /* Base */,
			);
			name = Main.storyboard;
			sourceTree = "<group>";
		};
		A07448C521EB88FD00F0F782 /* LaunchScreen.storyboard */ = {
			isa = PBXVariantGroup;
			children = (
				A07448C621EB88FD00F0F782 /* Base */,
			);
			name = LaunchScreen.storyboard;
			sourceTree = "<group>";
		};
/* End PBXVariantGroup section */

/* Begin XCBuildConfiguration section */
		A07448DF21EB88FD00F0F782 /* Debug */ = {
			isa = XCBuildConfiguration;
			buildSettings = {
				ALWAYS_SEARCH_USER_PATHS = NO;
				CLANG_ANALYZER_NONNULL = YES;
				CLANG_ANALYZER_NUMBER_OBJECT_CONVERSION = YES_AGGRESSIVE;
				CLANG_CXX_LANGUAGE_STANDARD = "gnu++14";
				CLANG_CXX_LIBRARY = "libc++";
				CLANG_ENABLE_MODULES = YES;
				CLANG_ENABLE_OBJC_ARC = YES;
				CLANG_WARN_BLOCK_CAPTURE_AUTORELEASING = YES;
				CLANG_WARN_BOOL_CONVERSION = YES;
				CLANG_WARN_COMMA = YES;
				CLANG_WARN_CONSTANT_CONVERSION = YES;
				CLANG_WARN_DIRECT_OBJC_ISA_USAGE = YES_ERROR;
				CLANG_WARN_DOCUMENTATION_COMMENTS = YES;
				CLANG_WARN_EMPTY_BODY = YES;
				CLANG_WARN_ENUM_CONVERSION = YES;
				CLANG_WARN_INFINITE_RECURSION = YES;
				CLANG_WARN_INT_CONVERSION = YES;
				CLANG_WARN_NON_LITERAL_NULL_CONVERSION = YES;
				CLANG_WARN_OBJC_LITERAL_CONVERSION = YES;
				CLANG_WARN_OBJC_ROOT_CLASS = YES_ERROR;
				CLANG_WARN_RANGE_LOOP_ANALYSIS = YES;
				CLANG_WARN_STRICT_PROTOTYPES = YES;
				CLANG_WARN_SUSPICIOUS_MOVE = YES;
				CLANG_WARN_UNGUARDED_AVAILABILITY = YES_AGGRESSIVE;
				CLANG_WARN_UNREACHABLE_CODE = YES;
				CLANG_WARN__DUPLICATE_METHOD_MATCH = YES;
				CODE_SIGN_IDENTITY = "iPhone Developer";
				COPY_PHASE_STRIP = NO;
				DEBUG_INFORMATION_FORMAT = dwarf;
				ENABLE_STRICT_OBJC_MSGSEND = YES;
				ENABLE_TESTABILITY = YES;
				GCC_C_LANGUAGE_STANDARD = gnu11;
				GCC_DYNAMIC_NO_PIC = NO;
				GCC_NO_COMMON_BLOCKS = YES;
				GCC_OPTIMIZATION_LEVEL = 0;
				GCC_PREPROCESSOR_DEFINITIONS = (
					"DEBUG=1",
					"$(inherited)",
				);
				GCC_WARN_64_TO_32_BIT_CONVERSION = YES;
				GCC_WARN_ABOUT_RETURN_TYPE = YES_ERROR;
				GCC_WARN_UNDECLARED_SELECTOR = YES;
				GCC_WARN_UNINITIALIZED_AUTOS = YES_AGGRESSIVE;
				GCC_WARN_UNUSED_FUNCTION = YES;
				GCC_WARN_UNUSED_VARIABLE = YES;
				IPHONEOS_DEPLOYMENT_TARGET = 11.2;
				MTL_ENABLE_DEBUG_INFO = YES;
				ONLY_ACTIVE_ARCH = YES;
				SDKROOT = iphoneos;
				SWIFT_ACTIVE_COMPILATION_CONDITIONS = DEBUG;
				SWIFT_OPTIMIZATION_LEVEL = "-Onone";
			};
			name = Debug;
		};
		A07448E021EB88FD00F0F782 /* Release */ = {
			isa = XCBuildConfiguration;
			buildSettings = {
				ALWAYS_SEARCH_USER_PATHS = NO;
				CLANG_ANALYZER_NONNULL = YES;
				CLANG_ANALYZER_NUMBER_OBJECT_CONVERSION = YES_AGGRESSIVE;
				CLANG_CXX_LANGUAGE_STANDARD = "gnu++14";
				CLANG_CXX_LIBRARY = "libc++";
				CLANG_ENABLE_MODULES = YES;
				CLANG_ENABLE_OBJC_ARC = YES;
				CLANG_WARN_BLOCK_CAPTURE_AUTORELEASING = YES;
				CLANG_WARN_BOOL_CONVERSION = YES;
				CLANG_WARN_COMMA = YES;
				CLANG_WARN_CONSTANT_CONVERSION = YES;
				CLANG_WARN_DIRECT_OBJC_ISA_USAGE = YES_ERROR;
				CLANG_WARN_DOCUMENTATION_COMMENTS = YES;
				CLANG_WARN_EMPTY_BODY = YES;
				CLANG_WARN_ENUM_CONVERSION = YES;
				CLANG_WARN_INFINITE_RECURSION = YES;
				CLANG_WARN_INT_CONVERSION = YES;
				CLANG_WARN_NON_LITERAL_NULL_CONVERSION = YES;
				CLANG_WARN_OBJC_LITERAL_CONVERSION = YES;
				CLANG_WARN_OBJC_ROOT_CLASS = YES_ERROR;
				CLANG_WARN_RANGE_LOOP_ANALYSIS = YES;
				CLANG_WARN_STRICT_PROTOTYPES = YES;
				CLANG_WARN_SUSPICIOUS_MOVE = YES;
				CLANG_WARN_UNGUARDED_AVAILABILITY = YES_AGGRESSIVE;
				CLANG_WARN_UNREACHABLE_CODE = YES;
				CLANG_WARN__DUPLICATE_METHOD_MATCH = YES;
				CODE_SIGN_IDENTITY = "iPhone Developer";
				COPY_PHASE_STRIP = NO;
				DEBUG_INFORMATION_FORMAT = "dwarf-with-dsym";
				ENABLE_NS_ASSERTIONS = NO;
				ENABLE_STRICT_OBJC_MSGSEND = YES;
				GCC_C_LANGUAGE_STANDARD = gnu11;
				GCC_NO_COMMON_BLOCKS = YES;
				GCC_WARN_64_TO_32_BIT_CONVERSION = YES;
				GCC_WARN_ABOUT_RETURN_TYPE = YES_ERROR;
				GCC_WARN_UNDECLARED_SELECTOR = YES;
				GCC_WARN_UNINITIALIZED_AUTOS = YES_AGGRESSIVE;
				GCC_WARN_UNUSED_FUNCTION = YES;
				GCC_WARN_UNUSED_VARIABLE = YES;
				IPHONEOS_DEPLOYMENT_TARGET = 11.2;
				MTL_ENABLE_DEBUG_INFO = NO;
				SDKROOT = iphoneos;
				SWIFT_OPTIMIZATION_LEVEL = "-Owholemodule";
				VALIDATE_PRODUCT = YES;
			};
			name = Release;
		};
		A07448E221EB88FD00F0F782 /* Debug */ = {
			isa = XCBuildConfiguration;
			buildSettings = {
				ASSETCATALOG_COMPILER_APPICON_NAME = AppIcon;
				CODE_SIGN_STYLE = Automatic;
				INFOPLIST_FILE = "Tip Calculator/Info.plist";
				LD_RUNPATH_SEARCH_PATHS = "$(inherited) @executable_path/Frameworks";
				PRODUCT_BUNDLE_IDENTIFIER = "com.sreekara.Tip-Calculator";
				PRODUCT_NAME = "$(TARGET_NAME)";
				SWIFT_VERSION = 4.0;
				TARGETED_DEVICE_FAMILY = "1,2";
			};
			name = Debug;
		};
		A07448E321EB88FD00F0F782 /* Release */ = {
			isa = XCBuildConfiguration;
			buildSettings = {
				ASSETCATALOG_COMPILER_APPICON_NAME = AppIcon;
				CODE_SIGN_STYLE = Automatic;
				INFOPLIST_FILE = "Tip Calculator/Info.plist";
				LD_RUNPATH_SEARCH_PATHS = "$(inherited) @executable_path/Frameworks";
				PRODUCT_BUNDLE_IDENTIFIER = "com.sreekara.Tip-Calculator";
				PRODUCT_NAME = "$(TARGET_NAME)";
				SWIFT_VERSION = 4.0;
				TARGETED_DEVICE_FAMILY = "1,2";
			};
			name = Release;
		};
		A07448E521EB88FD00F0F782 /* Debug */ = {
			isa = XCBuildConfiguration;
			buildSettings = {
				ALWAYS_EMBED_SWIFT_STANDARD_LIBRARIES = YES;
				BUNDLE_LOADER = "$(TEST_HOST)";
				CODE_SIGN_STYLE = Automatic;
				INFOPLIST_FILE = "Tip CalculatorTests/Info.plist";
				LD_RUNPATH_SEARCH_PATHS = "$(inherited) @executable_path/Frameworks @loader_path/Frameworks";
				PRODUCT_BUNDLE_IDENTIFIER = "com.sreekara.Tip-CalculatorTests";
				PRODUCT_NAME = "$(TARGET_NAME)";
				SWIFT_VERSION = 4.0;
				TARGETED_DEVICE_FAMILY = "1,2";
				TEST_HOST = "$(BUILT_PRODUCTS_DIR)/Tip Calculator.app/Tip Calculator";
			};
			name = Debug;
		};
		A07448E621EB88FD00F0F782 /* Release */ = {
			isa = XCBuildConfiguration;
			buildSettings = {
				ALWAYS_EMBED_SWIFT_STANDARD_LIBRARIES = YES;
				BUNDLE_LOADER = "$(TEST_HOST)";
				CODE_SIGN_STYLE = Automatic;
				INFOPLIST_FILE = "Tip CalculatorTests/Info.plist";
				LD_RUNPATH_SEARCH_PATHS = "$(inherited) @executable_path/Frameworks @loader_path/Frameworks";
				PRODUCT_BUNDLE_IDENTIFIER = "com.sreekara.Tip-CalculatorTests";
				PRODUCT_NAME = "$(TARGET_NAME)";
				SWIFT_VERSION = 4.0;
				TARGETED_DEVICE_FAMILY = "1,2";
				TEST_HOST = "$(BUILT_PRODUCTS_DIR)/Tip Calculator.app/Tip Calculator";
			};
			name = Release;
		};
		A07448E821EB88FD00F0F782 /* Debug */ = {
			isa = XCBuildConfiguration;
			buildSettings = {
				ALWAYS_EMBED_SWIFT_STANDARD_LIBRARIES = YES;
				CODE_SIGN_STYLE = Automatic;
				INFOPLIST_FILE = "Tip CalculatorUITests/Info.plist";
				LD_RUNPATH_SEARCH_PATHS = "$(inherited) @executable_path/Frameworks @loader_path/Frameworks";
				PRODUCT_BUNDLE_IDENTIFIER = "com.sreekara.Tip-CalculatorUITests";
				PRODUCT_NAME = "$(TARGET_NAME)";
				SWIFT_VERSION = 4.0;
				TARGETED_DEVICE_FAMILY = "1,2";
				TEST_TARGET_NAME = "Tip Calculator";
			};
			name = Debug;
		};
		A07448E921EB88FD00F0F782 /* Release */ = {
			isa = XCBuildConfiguration;
			buildSettings = {
				ALWAYS_EMBED_SWIFT_STANDARD_LIBRARIES = YES;
				CODE_SIGN_STYLE = Automatic;
				INFOPLIST_FILE = "Tip CalculatorUITests/Info.plist";
				LD_RUNPATH_SEARCH_PATHS = "$(inherited) @executable_path/Frameworks @loader_path/Frameworks";
				PRODUCT_BUNDLE_IDENTIFIER = "com.sreekara.Tip-CalculatorUITests";
				PRODUCT_NAME = "$(TARGET_NAME)";
				SWIFT_VERSION = 4.0;
				TARGETED_DEVICE_FAMILY = "1,2";
				TEST_TARGET_NAME = "Tip Calculator";
			};
			name = Release;
		};
/* End XCBuildConfiguration section */

/* Begin XCConfigurationList section */
		A07448B421EB88FD00F0F782 /* Build configuration list for PBXProject "Tip Calculator" */ = {
			isa = XCConfigurationList;
			buildConfigurations = (
				A07448DF21EB88FD00F0F782 /* Debug */,
				A07448E021EB88FD00F0F782 /* Release */,
			);
			defaultConfigurationIsVisible = 0;
			defaultConfigurationName = Release;
		};
		A07448E121EB88FD00F0F782 /* Build configuration list for PBXNativeTarget "Tip Calculator" */ = {
			isa = XCConfigurationList;
			buildConfigurations = (
				A07448E221EB88FD00F0F782 /* Debug */,
				A07448E321EB88FD00F0F782 /* Release */,
			);
			defaultConfigurationIsVisible = 0;
			defaultConfigurationName = Release;
		};
		A07448E421EB88FD00F0F782 /* Build configuration list for PBXNativeTarget "Tip CalculatorTests" */ = {
			isa = XCConfigurationList;
			buildConfigurations = (
				A07448E521EB88FD00F0F782 /* Debug */,
				A07448E621EB88FD00F0F782 /* Release */,
			);
			defaultConfigurationIsVisible = 0;
			defaultConfigurationName = Release;
		};
		A07448E721EB88FD00F0F782 /* Build configuration list for PBXNativeTarget "Tip CalculatorUITests" */ = {
			isa = XCConfigurationList;
			buildConfigurations = (
				A07448E821EB88FD00F0F782 /* Debug */,
				A07448E921EB88FD00F0F782 /* Release */,
			);
			defaultConfigurationIsVisible = 0;
			defaultConfigurationName = Release;
		};
/* End XCConfigurationList section */
	};
	rootObject = A07448B121EB88FD00F0F782 /* Project object */;
}
